
Microsoft Visual Studio Solution File, Format Version 12.00
# Visual Studio Version 16
VisualStudioVersion = 16.0.32602.291
MinimumVisualStudioVersion = 10.0.40219.1
Project("{2150E333-8FDC-42A3-9474-1A3956D46DE8}") = "0.WebApi", "0.WebApi", "{8967DA10-45D2-4D4B-BF1A-A19EA889DB06}"
EndProject
Project("{2150E333-8FDC-42A3-9474-1A3956D46DE8}") = "1.Application", "1.Application", "{12E6F8A4-B04B-4312-AB7C-D34293D67849}"
EndProject
Project("{2150E333-8FDC-42A3-9474-1A3956D46DE8}") = "2.DTO", "2.DTO", "{1E89822A-ECB5-48EB-8F4C-113A1A5A44AD}"
EndProject
Project("{2150E333-8FDC-42A3-9474-1A3956D46DE8}") = "3.Domain", "3.Domain", "{D6D40355-3539-496B-908F-C4C1EB7986CA}"
EndProject
Project("{2150E333-8FDC-42A3-9474-1A3956D46DE8}") = "4.Infrastructure", "4.Infrastructure", "{EE4F9230-7E73-4C35-B3E8-1B1052BD5B4A}"
EndProject
Project("{2150E333-8FDC-42A3-9474-1A3956D46DE8}") = "5.CrossCutting", "5.CrossCutting", "{705090E8-7712-4524-A3CA-169ADA87A5E1}"
EndProject
Project("{FAE04EC0-301F-11D3-BF4B-00C04F79EFBC}") = "API.GClaims.CrossCutting", "API.GClaims.CrossCutting\API.GClaims.CrossCutting.csproj", "{1194AAF6-7BD0-490C-BA18-B21F7A4827C1}"
EndProject
Project("{FAE04EC0-301F-11D3-BF4B-00C04F79EFBC}") = "API.GClaims.IoC", "API.GClaims.IoC\API.GClaims.IoC.csproj", "{4994232F-593A-4AE6-922B-787A8DD9F4AD}"
EndProject
Project("{FAE04EC0-301F-11D3-BF4B-00C04F79EFBC}") = "API.GClaims.Data.SqlServer", "API.GClaims.Data.SqlServer\API.GClaims.Data.SqlServer.csproj", "{9B128BA1-5D3B-4184-BE40-46E156866E85}"
EndProject
Project("{FAE04EC0-301F-11D3-BF4B-00C04F79EFBC}") = "API.GClaims.Domain", "API.GClaims.Domain\API.GClaims.Domain.csproj", "{BA1DB1A6-18E3-4242-B428-49C7F81CF305}"
EndProject
Project("{FAE04EC0-301F-11D3-BF4B-00C04F79EFBC}") = "API.GClaims.Domain.ValueObjects", "API.GClaims.Domain.ValueObjects\API.GClaims.Domain.ValueObjects.csproj", "{EE00C138-6E14-4A64-B158-8E22B4FAD8DE}"
EndProject
Project("{FAE04EC0-301F-11D3-BF4B-00C04F79EFBC}") = "API.GClaims.DTO", "API.GClaims.DTO\API.GClaims.DTO.csproj", "{6B2E0956-D130-456A-9FD6-10EA0B0B9C01}"
EndProject
Project("{FAE04EC0-301F-11D3-BF4B-00C04F79EFBC}") = "API.GClaims.Application", "API.GClaims.Application\API.GClaims.Application.csproj", "{F7E92C85-E8D7-4103-8E01-589647DC9FC8}"
EndProject
Project("{FAE04EC0-301F-11D3-BF4B-00C04F79EFBC}") = "API.GClaims.WebApi", "API.GClaims.WebApi\API.GClaims.WebApi.csproj", "{7399A9AE-6792-4E14-AC99-726125737AE7}"
EndProject
Global
	GlobalSection(SolutionConfigurationPlatforms) = preSolution
		Debug|Any CPU = Debug|Any CPU
		Release|Any CPU = Release|Any CPU
	EndGlobalSection
	GlobalSection(ProjectConfigurationPlatforms) = postSolution
		{1194AAF6-7BD0-490C-BA18-B21F7A4827C1}.Debug|Any CPU.ActiveCfg = Debug|Any CPU
		{1194AAF6-7BD0-490C-BA18-B21F7A4827C1}.Debug|Any CPU.Build.0 = Debug|Any CPU
		{1194AAF6-7BD0-490C-BA18-B21F7A4827C1}.Release|Any CPU.ActiveCfg = Release|Any CPU
		{1194AAF6-7BD0-490C-BA18-B21F7A4827C1}.Release|Any CPU.Build.0 = Release|Any CPU
		{4994232F-593A-4AE6-922B-787A8DD9F4AD}.Debug|Any CPU.ActiveCfg = Debug|Any CPU
		{4994232F-593A-4AE6-922B-787A8DD9F4AD}.Debug|Any CPU.Build.0 = Debug|Any CPU
		{4994232F-593A-4AE6-922B-787A8DD9F4AD}.Release|Any CPU.ActiveCfg = Release|Any CPU
		{4994232F-593A-4AE6-922B-787A8DD9F4AD}.Release|Any CPU.Build.0 = Release|Any CPU
		{9B128BA1-5D3B-4184-BE40-46E156866E85}.Debug|Any CPU.ActiveCfg = Debug|Any CPU
		{9B128BA1-5D3B-4184-BE40-46E156866E85}.Debug|Any CPU.Build.0 = Debug|Any CPU
		{9B128BA1-5D3B-4184-BE40-46E156866E85}.Release|Any CPU.ActiveCfg = Release|Any CPU
		{9B128BA1-5D3B-4184-BE40-46E156866E85}.Release|Any CPU.Build.0 = Release|Any CPU
		{BA1DB1A6-18E3-4242-B428-49C7F81CF305}.Debug|Any CPU.ActiveCfg = Debug|Any CPU
		{BA1DB1A6-18E3-4242-B428-49C7F81CF305}.Debug|Any CPU.Build.0 = Debug|Any CPU
		{BA1DB1A6-18E3-4242-B428-49C7F81CF305}.Release|Any CPU.ActiveCfg = Release|Any CPU
		{BA1DB1A6-18E3-4242-B428-49C7F81CF305}.Release|Any CPU.Build.0 = Release|Any CPU
		{EE00C138-6E14-4A64-B158-8E22B4FAD8DE}.Debug|Any CPU.ActiveCfg = Debug|Any CPU
		{EE00C138-6E14-4A64-B158-8E22B4FAD8DE}.Debug|Any CPU.Build.0 = Debug|Any CPU
		{EE00C138-6E14-4A64-B158-8E22B4FAD8DE}.Release|Any CPU.ActiveCfg = Release|Any CPU
		{EE00C138-6E14-4A64-B158-8E22B4FAD8DE}.Release|Any CPU.Build.0 = Release|Any CPU
		{6B2E0956-D130-456A-9FD6-10EA0B0B9C01}.Debug|Any CPU.ActiveCfg = Debug|Any CPU
		{6B2E0956-D130-456A-9FD6-10EA0B0B9C01}.Debug|Any CPU.Build.0 = Debug|Any CPU
		{6B2E0956-D130-456A-9FD6-10EA0B0B9C01}.Release|Any CPU.ActiveCfg = Release|Any CPU
		{6B2E0956-D130-456A-9FD6-10EA0B0B9C01}.Release|Any CPU.Build.0 = Release|Any CPU
		{F7E92C85-E8D7-4103-8E01-589647DC9FC8}.Debug|Any CPU.ActiveCfg = Debug|Any CPU
		{F7E92C85-E8D7-4103-8E01-589647DC9FC8}.Debug|Any CPU.Build.0 = Debug|Any CPU
		{F7E92C85-E8D7-4103-8E01-589647DC9FC8}.Release|Any CPU.ActiveCfg = Release|Any CPU
		{F7E92C85-E8D7-4103-8E01-589647DC9FC8}.Release|Any CPU.Build.0 = Release|Any CPU
		{7399A9AE-6792-4E14-AC99-726125737AE7}.Debug|Any CPU.ActiveCfg = Debug|Any CPU
		{7399A9AE-6792-4E14-AC99-726125737AE7}.Debug|Any CPU.Build.0 = Debug|Any CPU
		{7399A9AE-6792-4E14-AC99-726125737AE7}.Release|Any CPU.ActiveCfg = Release|Any CPU
		{7399A9AE-6792-4E14-AC99-726125737AE7}.Release|Any CPU.Build.0 = Release|Any CPU
	EndGlobalSection
	GlobalSection(SolutionProperties) = preSolution
		HideSolutionNode = FALSE
	EndGlobalSection
	GlobalSection(NestedProjects) = preSolution
		{1194AAF6-7BD0-490C-BA18-B21F7A4827C1} = {705090E8-7712-4524-A3CA-169ADA87A5E1}
		{4994232F-593A-4AE6-922B-787A8DD9F4AD} = {705090E8-7712-4524-A3CA-169ADA87A5E1}
		{9B128BA1-5D3B-4184-BE40-46E156866E85} = {EE4F9230-7E73-4C35-B3E8-1B1052BD5B4A}
		{BA1DB1A6-18E3-4242-B428-49C7F81CF305} = {D6D40355-3539-496B-908F-C4C1EB7986CA}
		{EE00C138-6E14-4A64-B158-8E22B4FAD8DE} = {D6D40355-3539-496B-908F-C4C1EB7986CA}
		{6B2E0956-D130-456A-9FD6-10EA0B0B9C01} = {1E89822A-ECB5-48EB-8F4C-113A1A5A44AD}
		{F7E92C85-E8D7-4103-8E01-589647DC9FC8} = {12E6F8A4-B04B-4312-AB7C-D34293D67849}
		{7399A9AE-6792-4E14-AC99-726125737AE7} = {8967DA10-45D2-4D4B-BF1A-A19EA889DB06}
	EndGlobalSection
	GlobalSection(ExtensibilityGlobals) = postSolution
		SolutionGuid = {88CB1ED9-09B6-43E9-89EC-0724D07F130C}
	EndGlobalSection
EndGlobal
